
Microsoft Visual Studio Solution File, Format Version 12.00
# Visual Studio 14
VisualStudioVersion = 14.0.25420.1
MinimumVisualStudioVersion = 10.0.40219.1
Project("{FAE04EC0-301F-11D3-BF4B-00C04F79EFBC}") = "demo", "demo\demo.csproj", "{F3CE8A40-7924-45DA-8457-A5F29EFC18E9}"
EndProject
Project("{FAE04EC0-301F-11D3-BF4B-00C04F79EFBC}") = "demo.Controllers", "demo.Controllers\demo.Controllers.csproj", "{230504EA-8CB6-487E-9026-3CC022323966}"
EndProject
Project("{FAE04EC0-301F-11D3-BF4B-00C04F79EFBC}") = "demo.Common", "demo.Common\demo.Common.csproj", "{ED5C520D-62E3-4CAC-98B9-E3DE8447107B}"
EndProject
Global
	GlobalSection(SolutionConfigurationPlatforms) = preSolution
		Debug|Any CPU = Debug|Any CPU
		Release|Any CPU = Release|Any CPU
	EndGlobalSection
	GlobalSection(ProjectConfigurationPlatforms) = postSolution
		{F3CE8A40-7924-45DA-8457-A5F29EFC18E9}.Debug|Any CPU.ActiveCfg = Debug|Any CPU
		{F3CE8A40-7924-45DA-8457-A5F29EFC18E9}.Debug|Any CPU.Build.0 = Debug|Any CPU
		{F3CE8A40-7924-45DA-8457-A5F29EFC18E9}.Release|Any CPU.ActiveCfg = Release|Any CPU
		{F3CE8A40-7924-45DA-8457-A5F29EFC18E9}.Release|Any CPU.Build.0 = Release|Any CPU
		{230504EA-8CB6-487E-9026-3CC022323966}.Debug|Any CPU.ActiveCfg = Debug|Any CPU
		{230504EA-8CB6-487E-9026-3CC022323966}.Debug|Any CPU.Build.0 = Debug|Any CPU
		{230504EA-8CB6-487E-9026-3CC022323966}.Release|Any CPU.ActiveCfg = Release|Any CPU
		{230504EA-8CB6-487E-9026-3CC022323966}.Release|Any CPU.Build.0 = Release|Any CPU
		{ED5C520D-62E3-4CAC-98B9-E3DE8447107B}.Debug|Any CPU.ActiveCfg = Debug|Any CPU
		{ED5C520D-62E3-4CAC-98B9-E3DE8447107B}.Debug|Any CPU.Build.0 = Debug|Any CPU
		{ED5C520D-62E3-4CAC-98B9-E3DE8447107B}.Release|Any CPU.ActiveCfg = Release|Any CPU
		{ED5C520D-62E3-4CAC-98B9-E3DE8447107B}.Release|Any CPU.Build.0 = Release|Any CPU
	EndGlobalSection
	GlobalSection(SolutionProperties) = preSolution
		HideSolutionNode = FALSE
	EndGlobalSection
EndGlobal
